
Microsoft Visual Studio Solution File, Format Version 12.00
# Visual Studio Version 16
Project("{2150E333-8FDC-42A3-9474-1A3956D46DE8}") = "CMakePredefinedTargets", "CMakePredefinedTargets", "{5F02B1BA-32B2-3F5C-898C-2BEF7FA261AA}"
EndProject
Project("{2150E333-8FDC-42A3-9474-1A3956D46DE8}") = "External", "External", "{BF5896E9-1BA3-3165-9BBA-516F83CA97DE}"
EndProject
Project("{2150E333-8FDC-42A3-9474-1A3956D46DE8}") = "Internal", "Internal", "{0C9865AC-0CC9-36E8-8B54-3FEF1396DC95}"
EndProject
Project("{2150E333-8FDC-42A3-9474-1A3956D46DE8}") = "Utils", "Utils", "{A50FE986-969B-3B92-83C3-68019C9DA0E3}"
EndProject
Project("{8BC9CEB8-8B4A-11D0-8D11-00A0C91BC942}") = "ALL_BUILD", "ALL_BUILD.vcxproj", "{20CF113C-7BA5-31D9-B6BE-CA4ACEAAC680}"
	ProjectSection(ProjectDependencies) = postProject
		{7FFB9300-4B64-3B24-9CD8-8968BE4D1722} = {7FFB9300-4B64-3B24-9CD8-8968BE4D1722}
		{F619D38C-562F-3CFA-A67E-E6F746B62A94} = {F619D38C-562F-3CFA-A67E-E6F746B62A94}
		{51FF2D24-719E-3838-B211-448979F07775} = {51FF2D24-719E-3838-B211-448979F07775}
		{BC1C43D4-9777-328B-A489-3505AE829AC2} = {BC1C43D4-9777-328B-A489-3505AE829AC2}
		{0A2ECA16-30A6-36FD-8B6C-9F48F4D02CD7} = {0A2ECA16-30A6-36FD-8B6C-9F48F4D02CD7}
		{9F6B39F6-83A5-3284-B941-62C07EC7A314} = {9F6B39F6-83A5-3284-B941-62C07EC7A314}
		{E0431C7B-7903-3776-A21E-56B1793DEF86} = {E0431C7B-7903-3776-A21E-56B1793DEF86}
		{BD129BD4-12BF-390C-90CB-FF77D2AFB070} = {BD129BD4-12BF-390C-90CB-FF77D2AFB070}
		{94A8FFAB-6503-3454-A9DD-EAF45A7BC6B0} = {94A8FFAB-6503-3454-A9DD-EAF45A7BC6B0}
		{01E2B239-9A2F-35A9-9A8D-B15DA3A2A086} = {01E2B239-9A2F-35A9-9A8D-B15DA3A2A086}
		{BAFB7C8F-1F14-3C2F-B2C4-4AE229463A3F} = {BAFB7C8F-1F14-3C2F-B2C4-4AE229463A3F}
		{B03F1DBE-F3DD-3AB6-8A3B-F9AE3BDB47B2} = {B03F1DBE-F3DD-3AB6-8A3B-F9AE3BDB47B2}
		{FB8CB5DE-131D-3F86-B0AA-C9293CAFCF44} = {FB8CB5DE-131D-3F86-B0AA-C9293CAFCF44}
		{F2F8CD41-4CC3-32C5-BE1A-E5315D1BEF0E} = {F2F8CD41-4CC3-32C5-BE1A-E5315D1BEF0E}
		{B3E27D81-B5CF-3E61-B1CC-3748FB9663FB} = {B3E27D81-B5CF-3E61-B1CC-3748FB9663FB}
	EndProjectSection
EndProject
Project("{8BC9CEB8-8B4A-11D0-8D11-00A0C91BC942}") = "Mills", "Mills.vcxproj", "{7FFB9300-4B64-3B24-9CD8-8968BE4D1722}"
	ProjectSection(ProjectDependencies) = postProject
		{F619D38C-562F-3CFA-A67E-E6F746B62A94} = {F619D38C-562F-3CFA-A67E-E6F746B62A94}
		{51FF2D24-719E-3838-B211-448979F07775} = {51FF2D24-719E-3838-B211-448979F07775}
		{BC1C43D4-9777-328B-A489-3505AE829AC2} = {BC1C43D4-9777-328B-A489-3505AE829AC2}
		{0A2ECA16-30A6-36FD-8B6C-9F48F4D02CD7} = {0A2ECA16-30A6-36FD-8B6C-9F48F4D02CD7}
		{9F6B39F6-83A5-3284-B941-62C07EC7A314} = {9F6B39F6-83A5-3284-B941-62C07EC7A314}
		{E0431C7B-7903-3776-A21E-56B1793DEF86} = {E0431C7B-7903-3776-A21E-56B1793DEF86}
		{BD129BD4-12BF-390C-90CB-FF77D2AFB070} = {BD129BD4-12BF-390C-90CB-FF77D2AFB070}
		{94A8FFAB-6503-3454-A9DD-EAF45A7BC6B0} = {94A8FFAB-6503-3454-A9DD-EAF45A7BC6B0}
		{01E2B239-9A2F-35A9-9A8D-B15DA3A2A086} = {01E2B239-9A2F-35A9-9A8D-B15DA3A2A086}
		{BAFB7C8F-1F14-3C2F-B2C4-4AE229463A3F} = {BAFB7C8F-1F14-3C2F-B2C4-4AE229463A3F}
		{B03F1DBE-F3DD-3AB6-8A3B-F9AE3BDB47B2} = {B03F1DBE-F3DD-3AB6-8A3B-F9AE3BDB47B2}
		{FB8CB5DE-131D-3F86-B0AA-C9293CAFCF44} = {FB8CB5DE-131D-3F86-B0AA-C9293CAFCF44}
		{F2F8CD41-4CC3-32C5-BE1A-E5315D1BEF0E} = {F2F8CD41-4CC3-32C5-BE1A-E5315D1BEF0E}
		{B3E27D81-B5CF-3E61-B1CC-3748FB9663FB} = {B3E27D81-B5CF-3E61-B1CC-3748FB9663FB}
	EndProjectSection
EndProject
Project("{8BC9CEB8-8B4A-11D0-8D11-00A0C91BC942}") = "SYNC_RESOURCE-Mills", "SYNC_RESOURCE-Mills.vcxproj", "{F619D38C-562F-3CFA-A67E-E6F746B62A94}"
	ProjectSection(ProjectDependencies) = postProject
		{51FF2D24-719E-3838-B211-448979F07775} = {51FF2D24-719E-3838-B211-448979F07775}
	EndProjectSection
EndProject
Project("{8BC9CEB8-8B4A-11D0-8D11-00A0C91BC942}") = "ZERO_CHECK", "ZERO_CHECK.vcxproj", "{51FF2D24-719E-3838-B211-448979F07775}"
	ProjectSection(ProjectDependencies) = postProject
	EndProjectSection
EndProject
Project("{8BC9CEB8-8B4A-11D0-8D11-00A0C91BC942}") = "cocos2d", "engine\cocos\core\cocos2d.vcxproj", "{BC1C43D4-9777-328B-A489-3505AE829AC2}"
	ProjectSection(ProjectDependencies) = postProject
		{51FF2D24-719E-3838-B211-448979F07775} = {51FF2D24-719E-3838-B211-448979F07775}
		{0A2ECA16-30A6-36FD-8B6C-9F48F4D02CD7} = {0A2ECA16-30A6-36FD-8B6C-9F48F4D02CD7}
		{9F6B39F6-83A5-3284-B941-62C07EC7A314} = {9F6B39F6-83A5-3284-B941-62C07EC7A314}
		{E0431C7B-7903-3776-A21E-56B1793DEF86} = {E0431C7B-7903-3776-A21E-56B1793DEF86}
		{BD129BD4-12BF-390C-90CB-FF77D2AFB070} = {BD129BD4-12BF-390C-90CB-FF77D2AFB070}
		{94A8FFAB-6503-3454-A9DD-EAF45A7BC6B0} = {94A8FFAB-6503-3454-A9DD-EAF45A7BC6B0}
		{01E2B239-9A2F-35A9-9A8D-B15DA3A2A086} = {01E2B239-9A2F-35A9-9A8D-B15DA3A2A086}
		{BAFB7C8F-1F14-3C2F-B2C4-4AE229463A3F} = {BAFB7C8F-1F14-3C2F-B2C4-4AE229463A3F}
		{B03F1DBE-F3DD-3AB6-8A3B-F9AE3BDB47B2} = {B03F1DBE-F3DD-3AB6-8A3B-F9AE3BDB47B2}
		{FB8CB5DE-131D-3F86-B0AA-C9293CAFCF44} = {FB8CB5DE-131D-3F86-B0AA-C9293CAFCF44}
		{F2F8CD41-4CC3-32C5-BE1A-E5315D1BEF0E} = {F2F8CD41-4CC3-32C5-BE1A-E5315D1BEF0E}
		{B3E27D81-B5CF-3E61-B1CC-3748FB9663FB} = {B3E27D81-B5CF-3E61-B1CC-3748FB9663FB}
	EndProjectSection
EndProject
Project("{8BC9CEB8-8B4A-11D0-8D11-00A0C91BC942}") = "ext_clipper", "engine\external\clipper\ext_clipper.vcxproj", "{0A2ECA16-30A6-36FD-8B6C-9F48F4D02CD7}"
	ProjectSection(ProjectDependencies) = postProject
		{51FF2D24-719E-3838-B211-448979F07775} = {51FF2D24-719E-3838-B211-448979F07775}
	EndProjectSection
EndProject
Project("{8BC9CEB8-8B4A-11D0-8D11-00A0C91BC942}") = "ext_convertUTF", "engine\external\ConvertUTF\ext_convertUTF.vcxproj", "{9F6B39F6-83A5-3284-B941-62C07EC7A314}"
	ProjectSection(ProjectDependencies) = postProject
		{51FF2D24-719E-3838-B211-448979F07775} = {51FF2D24-719E-3838-B211-448979F07775}
	EndProjectSection
EndProject
Project("{8BC9CEB8-8B4A-11D0-8D11-00A0C91BC942}") = "ext_edtaa3func", "engine\external\edtaa3func\ext_edtaa3func.vcxproj", "{E0431C7B-7903-3776-A21E-56B1793DEF86}"
	ProjectSection(ProjectDependencies) = postProject
		{51FF2D24-719E-3838-B211-448979F07775} = {51FF2D24-719E-3838-B211-448979F07775}
	EndProjectSection
EndProject
Project("{8BC9CEB8-8B4A-11D0-8D11-00A0C91BC942}") = "ext_md5", "engine\external\md5\ext_md5.vcxproj", "{BD129BD4-12BF-390C-90CB-FF77D2AFB070}"
	ProjectSection(ProjectDependencies) = postProject
		{51FF2D24-719E-3838-B211-448979F07775} = {51FF2D24-719E-3838-B211-448979F07775}
	EndProjectSection
EndProject
Project("{8BC9CEB8-8B4A-11D0-8D11-00A0C91BC942}") = "ext_poly2tri", "engine\external\poly2tri\ext_poly2tri.vcxproj", "{94A8FFAB-6503-3454-A9DD-EAF45A7BC6B0}"
	ProjectSection(ProjectDependencies) = postProject
		{51FF2D24-719E-3838-B211-448979F07775} = {51FF2D24-719E-3838-B211-448979F07775}
	EndProjectSection
EndProject
Project("{8BC9CEB8-8B4A-11D0-8D11-00A0C91BC942}") = "ext_recast", "engine\external\recast\ext_recast.vcxproj", "{01E2B239-9A2F-35A9-9A8D-B15DA3A2A086}"
	ProjectSection(ProjectDependencies) = postProject
		{51FF2D24-719E-3838-B211-448979F07775} = {51FF2D24-719E-3838-B211-448979F07775}
	EndProjectSection
EndProject
Project("{8BC9CEB8-8B4A-11D0-8D11-00A0C91BC942}") = "ext_tinyxml2", "engine\external\tinyxml2\ext_tinyxml2.vcxproj", "{BAFB7C8F-1F14-3C2F-B2C4-4AE229463A3F}"
	ProjectSection(ProjectDependencies) = postProject
		{51FF2D24-719E-3838-B211-448979F07775} = {51FF2D24-719E-3838-B211-448979F07775}
	EndProjectSection
EndProject
Project("{8BC9CEB8-8B4A-11D0-8D11-00A0C91BC942}") = "ext_unzip", "engine\external\unzip\ext_unzip.vcxproj", "{B03F1DBE-F3DD-3AB6-8A3B-F9AE3BDB47B2}"
	ProjectSection(ProjectDependencies) = postProject
		{51FF2D24-719E-3838-B211-448979F07775} = {51FF2D24-719E-3838-B211-448979F07775}
	EndProjectSection
EndProject
Project("{8BC9CEB8-8B4A-11D0-8D11-00A0C91BC942}") = "ext_xxhash", "engine\external\xxhash\ext_xxhash.vcxproj", "{FB8CB5DE-131D-3F86-B0AA-C9293CAFCF44}"
	ProjectSection(ProjectDependencies) = postProject
		{51FF2D24-719E-3838-B211-448979F07775} = {51FF2D24-719E-3838-B211-448979F07775}
	EndProjectSection
EndProject
Project("{8BC9CEB8-8B4A-11D0-8D11-00A0C91BC942}") = "ext_xxtea", "engine\external\xxtea\ext_xxtea.vcxproj", "{F2F8CD41-4CC3-32C5-BE1A-E5315D1BEF0E}"
	ProjectSection(ProjectDependencies) = postProject
		{51FF2D24-719E-3838-B211-448979F07775} = {51FF2D24-719E-3838-B211-448979F07775}
	EndProjectSection
EndProject
Project("{8BC9CEB8-8B4A-11D0-8D11-00A0C91BC942}") = "external", "engine\external\external.vcxproj", "{B3E27D81-B5CF-3E61-B1CC-3748FB9663FB}"
	ProjectSection(ProjectDependencies) = postProject
		{51FF2D24-719E-3838-B211-448979F07775} = {51FF2D24-719E-3838-B211-448979F07775}
		{0A2ECA16-30A6-36FD-8B6C-9F48F4D02CD7} = {0A2ECA16-30A6-36FD-8B6C-9F48F4D02CD7}
		{9F6B39F6-83A5-3284-B941-62C07EC7A314} = {9F6B39F6-83A5-3284-B941-62C07EC7A314}
		{E0431C7B-7903-3776-A21E-56B1793DEF86} = {E0431C7B-7903-3776-A21E-56B1793DEF86}
		{BD129BD4-12BF-390C-90CB-FF77D2AFB070} = {BD129BD4-12BF-390C-90CB-FF77D2AFB070}
		{94A8FFAB-6503-3454-A9DD-EAF45A7BC6B0} = {94A8FFAB-6503-3454-A9DD-EAF45A7BC6B0}
		{01E2B239-9A2F-35A9-9A8D-B15DA3A2A086} = {01E2B239-9A2F-35A9-9A8D-B15DA3A2A086}
		{BAFB7C8F-1F14-3C2F-B2C4-4AE229463A3F} = {BAFB7C8F-1F14-3C2F-B2C4-4AE229463A3F}
		{B03F1DBE-F3DD-3AB6-8A3B-F9AE3BDB47B2} = {B03F1DBE-F3DD-3AB6-8A3B-F9AE3BDB47B2}
		{FB8CB5DE-131D-3F86-B0AA-C9293CAFCF44} = {FB8CB5DE-131D-3F86-B0AA-C9293CAFCF44}
		{F2F8CD41-4CC3-32C5-BE1A-E5315D1BEF0E} = {F2F8CD41-4CC3-32C5-BE1A-E5315D1BEF0E}
	EndProjectSection
EndProject
Global
	GlobalSection(SolutionConfigurationPlatforms) = preSolution
		Debug|Win32 = Debug|Win32
		Release|Win32 = Release|Win32
		MinSizeRel|Win32 = MinSizeRel|Win32
		RelWithDebInfo|Win32 = RelWithDebInfo|Win32
	EndGlobalSection
	GlobalSection(ProjectConfigurationPlatforms) = postSolution
		{20CF113C-7BA5-31D9-B6BE-CA4ACEAAC680}.Debug|Win32.ActiveCfg = Debug|Win32
		{20CF113C-7BA5-31D9-B6BE-CA4ACEAAC680}.Release|Win32.ActiveCfg = Release|Win32
		{20CF113C-7BA5-31D9-B6BE-CA4ACEAAC680}.MinSizeRel|Win32.ActiveCfg = MinSizeRel|Win32
		{20CF113C-7BA5-31D9-B6BE-CA4ACEAAC680}.RelWithDebInfo|Win32.ActiveCfg = RelWithDebInfo|Win32
		{7FFB9300-4B64-3B24-9CD8-8968BE4D1722}.Debug|Win32.ActiveCfg = Debug|Win32
		{7FFB9300-4B64-3B24-9CD8-8968BE4D1722}.Debug|Win32.Build.0 = Debug|Win32
		{7FFB9300-4B64-3B24-9CD8-8968BE4D1722}.Release|Win32.ActiveCfg = Release|Win32
		{7FFB9300-4B64-3B24-9CD8-8968BE4D1722}.Release|Win32.Build.0 = Release|Win32
		{7FFB9300-4B64-3B24-9CD8-8968BE4D1722}.MinSizeRel|Win32.ActiveCfg = MinSizeRel|Win32
		{7FFB9300-4B64-3B24-9CD8-8968BE4D1722}.MinSizeRel|Win32.Build.0 = MinSizeRel|Win32
		{7FFB9300-4B64-3B24-9CD8-8968BE4D1722}.RelWithDebInfo|Win32.ActiveCfg = RelWithDebInfo|Win32
		{7FFB9300-4B64-3B24-9CD8-8968BE4D1722}.RelWithDebInfo|Win32.Build.0 = RelWithDebInfo|Win32
		{F619D38C-562F-3CFA-A67E-E6F746B62A94}.Debug|Win32.ActiveCfg = Debug|Win32
		{F619D38C-562F-3CFA-A67E-E6F746B62A94}.Debug|Win32.Build.0 = Debug|Win32
		{F619D38C-562F-3CFA-A67E-E6F746B62A94}.Release|Win32.ActiveCfg = Release|Win32
		{F619D38C-562F-3CFA-A67E-E6F746B62A94}.Release|Win32.Build.0 = Release|Win32
		{F619D38C-562F-3CFA-A67E-E6F746B62A94}.MinSizeRel|Win32.ActiveCfg = MinSizeRel|Win32
		{F619D38C-562F-3CFA-A67E-E6F746B62A94}.MinSizeRel|Win32.Build.0 = MinSizeRel|Win32
		{F619D38C-562F-3CFA-A67E-E6F746B62A94}.RelWithDebInfo|Win32.ActiveCfg = RelWithDebInfo|Win32
		{F619D38C-562F-3CFA-A67E-E6F746B62A94}.RelWithDebInfo|Win32.Build.0 = RelWithDebInfo|Win32
		{51FF2D24-719E-3838-B211-448979F07775}.Debug|Win32.ActiveCfg = Debug|Win32
		{51FF2D24-719E-3838-B211-448979F07775}.Debug|Win32.Build.0 = Debug|Win32
		{51FF2D24-719E-3838-B211-448979F07775}.Release|Win32.ActiveCfg = Release|Win32
		{51FF2D24-719E-3838-B211-448979F07775}.Release|Win32.Build.0 = Release|Win32
		{51FF2D24-719E-3838-B211-448979F07775}.MinSizeRel|Win32.ActiveCfg = MinSizeRel|Win32
		{51FF2D24-719E-3838-B211-448979F07775}.MinSizeRel|Win32.Build.0 = MinSizeRel|Win32
		{51FF2D24-719E-3838-B211-448979F07775}.RelWithDebInfo|Win32.ActiveCfg = RelWithDebInfo|Win32
		{51FF2D24-719E-3838-B211-448979F07775}.RelWithDebInfo|Win32.Build.0 = RelWithDebInfo|Win32
		{BC1C43D4-9777-328B-A489-3505AE829AC2}.Debug|Win32.ActiveCfg = Debug|Win32
		{BC1C43D4-9777-328B-A489-3505AE829AC2}.Debug|Win32.Build.0 = Debug|Win32
		{BC1C43D4-9777-328B-A489-3505AE829AC2}.Release|Win32.ActiveCfg = Release|Win32
		{BC1C43D4-9777-328B-A489-3505AE829AC2}.Release|Win32.Build.0 = Release|Win32
		{BC1C43D4-9777-328B-A489-3505AE829AC2}.MinSizeRel|Win32.ActiveCfg = MinSizeRel|Win32
		{BC1C43D4-9777-328B-A489-3505AE829AC2}.MinSizeRel|Win32.Build.0 = MinSizeRel|Win32
		{BC1C43D4-9777-328B-A489-3505AE829AC2}.RelWithDebInfo|Win32.ActiveCfg = RelWithDebInfo|Win32
		{BC1C43D4-9777-328B-A489-3505AE829AC2}.RelWithDebInfo|Win32.Build.0 = RelWithDebInfo|Win32
		{0A2ECA16-30A6-36FD-8B6C-9F48F4D02CD7}.Debug|Win32.ActiveCfg = Debug|Win32
		{0A2ECA16-30A6-36FD-8B6C-9F48F4D02CD7}.Debug|Win32.Build.0 = Debug|Win32
		{0A2ECA16-30A6-36FD-8B6C-9F48F4D02CD7}.Release|Win32.ActiveCfg = Release|Win32
		{0A2ECA16-30A6-36FD-8B6C-9F48F4D02CD7}.Release|Win32.Build.0 = Release|Win32
		{0A2ECA16-30A6-36FD-8B6C-9F48F4D02CD7}.MinSizeRel|Win32.ActiveCfg = MinSizeRel|Win32
		{0A2ECA16-30A6-36FD-8B6C-9F48F4D02CD7}.MinSizeRel|Win32.Build.0 = MinSizeRel|Win32
		{0A2ECA16-30A6-36FD-8B6C-9F48F4D02CD7}.RelWithDebInfo|Win32.ActiveCfg = RelWithDebInfo|Win32
		{0A2ECA16-30A6-36FD-8B6C-9F48F4D02CD7}.RelWithDebInfo|Win32.Build.0 = RelWithDebInfo|Win32
		{9F6B39F6-83A5-3284-B941-62C07EC7A314}.Debug|Win32.ActiveCfg = Debug|Win32
		{9F6B39F6-83A5-3284-B941-62C07EC7A314}.Debug|Win32.Build.0 = Debug|Win32
		{9F6B39F6-83A5-3284-B941-62C07EC7A314}.Release|Win32.ActiveCfg = Release|Win32
		{9F6B39F6-83A5-3284-B941-62C07EC7A314}.Release|Win32.Build.0 = Release|Win32
		{9F6B39F6-83A5-3284-B941-62C07EC7A314}.MinSizeRel|Win32.ActiveCfg = MinSizeRel|Win32
		{9F6B39F6-83A5-3284-B941-62C07EC7A314}.MinSizeRel|Win32.Build.0 = MinSizeRel|Win32
		{9F6B39F6-83A5-3284-B941-62C07EC7A314}.RelWithDebInfo|Win32.ActiveCfg = RelWithDebInfo|Win32
		{9F6B39F6-83A5-3284-B941-62C07EC7A314}.RelWithDebInfo|Win32.Build.0 = RelWithDebInfo|Win32
		{E0431C7B-7903-3776-A21E-56B1793DEF86}.Debug|Win32.ActiveCfg = Debug|Win32
		{E0431C7B-7903-3776-A21E-56B1793DEF86}.Debug|Win32.Build.0 = Debug|Win32
		{E0431C7B-7903-3776-A21E-56B1793DEF86}.Release|Win32.ActiveCfg = Release|Win32
		{E0431C7B-7903-3776-A21E-56B1793DEF86}.Release|Win32.Build.0 = Release|Win32
		{E0431C7B-7903-3776-A21E-56B1793DEF86}.MinSizeRel|Win32.ActiveCfg = MinSizeRel|Win32
		{E0431C7B-7903-3776-A21E-56B1793DEF86}.MinSizeRel|Win32.Build.0 = MinSizeRel|Win32
		{E0431C7B-7903-3776-A21E-56B1793DEF86}.RelWithDebInfo|Win32.ActiveCfg = RelWithDebInfo|Win32
		{E0431C7B-7903-3776-A21E-56B1793DEF86}.RelWithDebInfo|Win32.Build.0 = RelWithDebInfo|Win32
		{BD129BD4-12BF-390C-90CB-FF77D2AFB070}.Debug|Win32.ActiveCfg = Debug|Win32
		{BD129BD4-12BF-390C-90CB-FF77D2AFB070}.Debug|Win32.Build.0 = Debug|Win32
		{BD129BD4-12BF-390C-90CB-FF77D2AFB070}.Release|Win32.ActiveCfg = Release|Win32
		{BD129BD4-12BF-390C-90CB-FF77D2AFB070}.Release|Win32.Build.0 = Release|Win32
		{BD129BD4-12BF-390C-90CB-FF77D2AFB070}.MinSizeRel|Win32.ActiveCfg = MinSizeRel|Win32
		{BD129BD4-12BF-390C-90CB-FF77D2AFB070}.MinSizeRel|Win32.Build.0 = MinSizeRel|Win32
		{BD129BD4-12BF-390C-90CB-FF77D2AFB070}.RelWithDebInfo|Win32.ActiveCfg = RelWithDebInfo|Win32
		{BD129BD4-12BF-390C-90CB-FF77D2AFB070}.RelWithDebInfo|Win32.Build.0 = RelWithDebInfo|Win32
		{94A8FFAB-6503-3454-A9DD-EAF45A7BC6B0}.Debug|Win32.ActiveCfg = Debug|Win32
		{94A8FFAB-6503-3454-A9DD-EAF45A7BC6B0}.Debug|Win32.Build.0 = Debug|Win32
		{94A8FFAB-6503-3454-A9DD-EAF45A7BC6B0}.Release|Win32.ActiveCfg = Release|Win32
		{94A8FFAB-6503-3454-A9DD-EAF45A7BC6B0}.Release|Win32.Build.0 = Release|Win32
		{94A8FFAB-6503-3454-A9DD-EAF45A7BC6B0}.MinSizeRel|Win32.ActiveCfg = MinSizeRel|Win32
		{94A8FFAB-6503-3454-A9DD-EAF45A7BC6B0}.MinSizeRel|Win32.Build.0 = MinSizeRel|Win32
		{94A8FFAB-6503-3454-A9DD-EAF45A7BC6B0}.RelWithDebInfo|Win32.ActiveCfg = RelWithDebInfo|Win32
		{94A8FFAB-6503-3454-A9DD-EAF45A7BC6B0}.RelWithDebInfo|Win32.Build.0 = RelWithDebInfo|Win32
		{01E2B239-9A2F-35A9-9A8D-B15DA3A2A086}.Debug|Win32.ActiveCfg = Debug|Win32
		{01E2B239-9A2F-35A9-9A8D-B15DA3A2A086}.Debug|Win32.Build.0 = Debug|Win32
		{01E2B239-9A2F-35A9-9A8D-B15DA3A2A086}.Release|Win32.ActiveCfg = Release|Win32
		{01E2B239-9A2F-35A9-9A8D-B15DA3A2A086}.Release|Win32.Build.0 = Release|Win32
		{01E2B239-9A2F-35A9-9A8D-B15DA3A2A086}.MinSizeRel|Win32.ActiveCfg = MinSizeRel|Win32
		{01E2B239-9A2F-35A9-9A8D-B15DA3A2A086}.MinSizeRel|Win32.Build.0 = MinSizeRel|Win32
		{01E2B239-9A2F-35A9-9A8D-B15DA3A2A086}.RelWithDebInfo|Win32.ActiveCfg = RelWithDebInfo|Win32
		{01E2B239-9A2F-35A9-9A8D-B15DA3A2A086}.RelWithDebInfo|Win32.Build.0 = RelWithDebInfo|Win32
		{BAFB7C8F-1F14-3C2F-B2C4-4AE229463A3F}.Debug|Win32.ActiveCfg = Debug|Win32
		{BAFB7C8F-1F14-3C2F-B2C4-4AE229463A3F}.Debug|Win32.Build.0 = Debug|Win32
		{BAFB7C8F-1F14-3C2F-B2C4-4AE229463A3F}.Release|Win32.ActiveCfg = Release|Win32
		{BAFB7C8F-1F14-3C2F-B2C4-4AE229463A3F}.Release|Win32.Build.0 = Release|Win32
		{BAFB7C8F-1F14-3C2F-B2C4-4AE229463A3F}.MinSizeRel|Win32.ActiveCfg = MinSizeRel|Win32
		{BAFB7C8F-1F14-3C2F-B2C4-4AE229463A3F}.MinSizeRel|Win32.Build.0 = MinSizeRel|Win32
		{BAFB7C8F-1F14-3C2F-B2C4-4AE229463A3F}.RelWithDebInfo|Win32.ActiveCfg = RelWithDebInfo|Win32
		{BAFB7C8F-1F14-3C2F-B2C4-4AE229463A3F}.RelWithDebInfo|Win32.Build.0 = RelWithDebInfo|Win32
		{B03F1DBE-F3DD-3AB6-8A3B-F9AE3BDB47B2}.Debug|Win32.ActiveCfg = Debug|Win32
		{B03F1DBE-F3DD-3AB6-8A3B-F9AE3BDB47B2}.Debug|Win32.Build.0 = Debug|Win32
		{B03F1DBE-F3DD-3AB6-8A3B-F9AE3BDB47B2}.Release|Win32.ActiveCfg = Release|Win32
		{B03F1DBE-F3DD-3AB6-8A3B-F9AE3BDB47B2}.Release|Win32.Build.0 = Release|Win32
		{B03F1DBE-F3DD-3AB6-8A3B-F9AE3BDB47B2}.MinSizeRel|Win32.ActiveCfg = MinSizeRel|Win32
		{B03F1DBE-F3DD-3AB6-8A3B-F9AE3BDB47B2}.MinSizeRel|Win32.Build.0 = MinSizeRel|Win32
		{B03F1DBE-F3DD-3AB6-8A3B-F9AE3BDB47B2}.RelWithDebInfo|Win32.ActiveCfg = RelWithDebInfo|Win32
		{B03F1DBE-F3DD-3AB6-8A3B-F9AE3BDB47B2}.RelWithDebInfo|Win32.Build.0 = RelWithDebInfo|Win32
		{FB8CB5DE-131D-3F86-B0AA-C9293CAFCF44}.Debug|Win32.ActiveCfg = Debug|Win32
		{FB8CB5DE-131D-3F86-B0AA-C9293CAFCF44}.Debug|Win32.Build.0 = Debug|Win32
		{FB8CB5DE-131D-3F86-B0AA-C9293CAFCF44}.Release|Win32.ActiveCfg = Release|Win32
		{FB8CB5DE-131D-3F86-B0AA-C9293CAFCF44}.Release|Win32.Build.0 = Release|Win32
		{FB8CB5DE-131D-3F86-B0AA-C9293CAFCF44}.MinSizeRel|Win32.ActiveCfg = MinSizeRel|Win32
		{FB8CB5DE-131D-3F86-B0AA-C9293CAFCF44}.MinSizeRel|Win32.Build.0 = MinSizeRel|Win32
		{FB8CB5DE-131D-3F86-B0AA-C9293CAFCF44}.RelWithDebInfo|Win32.ActiveCfg = RelWithDebInfo|Win32
		{FB8CB5DE-131D-3F86-B0AA-C9293CAFCF44}.RelWithDebInfo|Win32.Build.0 = RelWithDebInfo|Win32
		{F2F8CD41-4CC3-32C5-BE1A-E5315D1BEF0E}.Debug|Win32.ActiveCfg = Debug|Win32
		{F2F8CD41-4CC3-32C5-BE1A-E5315D1BEF0E}.Debug|Win32.Build.0 = Debug|Win32
		{F2F8CD41-4CC3-32C5-BE1A-E5315D1BEF0E}.Release|Win32.ActiveCfg = Release|Win32
		{F2F8CD41-4CC3-32C5-BE1A-E5315D1BEF0E}.Release|Win32.Build.0 = Release|Win32
		{F2F8CD41-4CC3-32C5-BE1A-E5315D1BEF0E}.MinSizeRel|Win32.ActiveCfg = MinSizeRel|Win32
		{F2F8CD41-4CC3-32C5-BE1A-E5315D1BEF0E}.MinSizeRel|Win32.Build.0 = MinSizeRel|Win32
		{F2F8CD41-4CC3-32C5-BE1A-E5315D1BEF0E}.RelWithDebInfo|Win32.ActiveCfg = RelWithDebInfo|Win32
		{F2F8CD41-4CC3-32C5-BE1A-E5315D1BEF0E}.RelWithDebInfo|Win32.Build.0 = RelWithDebInfo|Win32
		{B3E27D81-B5CF-3E61-B1CC-3748FB9663FB}.Debug|Win32.ActiveCfg = Debug|Win32
		{B3E27D81-B5CF-3E61-B1CC-3748FB9663FB}.Debug|Win32.Build.0 = Debug|Win32
		{B3E27D81-B5CF-3E61-B1CC-3748FB9663FB}.Release|Win32.ActiveCfg = Release|Win32
		{B3E27D81-B5CF-3E61-B1CC-3748FB9663FB}.Release|Win32.Build.0 = Release|Win32
		{B3E27D81-B5CF-3E61-B1CC-3748FB9663FB}.MinSizeRel|Win32.ActiveCfg = MinSizeRel|Win32
		{B3E27D81-B5CF-3E61-B1CC-3748FB9663FB}.MinSizeRel|Win32.Build.0 = MinSizeRel|Win32
		{B3E27D81-B5CF-3E61-B1CC-3748FB9663FB}.RelWithDebInfo|Win32.ActiveCfg = RelWithDebInfo|Win32
		{B3E27D81-B5CF-3E61-B1CC-3748FB9663FB}.RelWithDebInfo|Win32.Build.0 = RelWithDebInfo|Win32
	EndGlobalSection
	GlobalSection(NestedProjects) = preSolution
		{20CF113C-7BA5-31D9-B6BE-CA4ACEAAC680} = {5F02B1BA-32B2-3F5C-898C-2BEF7FA261AA}
		{51FF2D24-719E-3838-B211-448979F07775} = {5F02B1BA-32B2-3F5C-898C-2BEF7FA261AA}
		{0A2ECA16-30A6-36FD-8B6C-9F48F4D02CD7} = {BF5896E9-1BA3-3165-9BBA-516F83CA97DE}
		{9F6B39F6-83A5-3284-B941-62C07EC7A314} = {BF5896E9-1BA3-3165-9BBA-516F83CA97DE}
		{E0431C7B-7903-3776-A21E-56B1793DEF86} = {BF5896E9-1BA3-3165-9BBA-516F83CA97DE}
		{BD129BD4-12BF-390C-90CB-FF77D2AFB070} = {BF5896E9-1BA3-3165-9BBA-516F83CA97DE}
		{94A8FFAB-6503-3454-A9DD-EAF45A7BC6B0} = {BF5896E9-1BA3-3165-9BBA-516F83CA97DE}
		{01E2B239-9A2F-35A9-9A8D-B15DA3A2A086} = {BF5896E9-1BA3-3165-9BBA-516F83CA97DE}
		{BAFB7C8F-1F14-3C2F-B2C4-4AE229463A3F} = {BF5896E9-1BA3-3165-9BBA-516F83CA97DE}
		{B03F1DBE-F3DD-3AB6-8A3B-F9AE3BDB47B2} = {BF5896E9-1BA3-3165-9BBA-516F83CA97DE}
		{FB8CB5DE-131D-3F86-B0AA-C9293CAFCF44} = {BF5896E9-1BA3-3165-9BBA-516F83CA97DE}
		{F2F8CD41-4CC3-32C5-BE1A-E5315D1BEF0E} = {BF5896E9-1BA3-3165-9BBA-516F83CA97DE}
		{B3E27D81-B5CF-3E61-B1CC-3748FB9663FB} = {BF5896E9-1BA3-3165-9BBA-516F83CA97DE}
		{BC1C43D4-9777-328B-A489-3505AE829AC2} = {0C9865AC-0CC9-36E8-8B54-3FEF1396DC95}
		{F619D38C-562F-3CFA-A67E-E6F746B62A94} = {A50FE986-969B-3B92-83C3-68019C9DA0E3}
	EndGlobalSection
	GlobalSection(ExtensibilityGlobals) = postSolution
		SolutionGuid = {3F944B61-1C20-3EF3-82C1-59A71059B168}
	EndGlobalSection
	GlobalSection(ExtensibilityAddIns) = postSolution
	EndGlobalSection
EndGlobal
